{
  "version": 4,
  "terraform_version": "1.1.8",
  "serial": 72,
  "lineage": "d7708451-8967-b743-de5c-47201892c912",
  "outputs": {},
  "resources": [
    {
      "mode": "managed",
      "type": "azurerm_network_security_group",
      "name": "app",
      "provider": "provider[\"registry.terraform.io/hashicorp/azurerm\"]",
      "instances": [
        {
          "schema_version": 0,
          "attributes": {
            "id": "/subscriptions/242d5020-c32a-4edc-8f1d-002a28e4ca1b/resourceGroups/IT-dev/providers/Microsoft.Network/networkSecurityGroups/IT-dev-vnet-appsubnet",
            "location": "eastus",
            "name": "IT-dev-vnet-appsubnet",
            "resource_group_name": "IT-dev",
            "security_rule": [],
            "tags": null,
            "timeouts": null
          },
          "sensitive_attributes": [],
          "private": "eyJlMmJmYjczMC1lY2FhLTExZTYtOGY4OC0zNDM2M2JjN2M0YzAiOnsiY3JlYXRlIjoxODAwMDAwMDAwMDAwLCJkZWxldGUiOjE4MDAwMDAwMDAwMDAsInJlYWQiOjMwMDAwMDAwMDAwMCwidXBkYXRlIjoxODAwMDAwMDAwMDAwfX0=",
          "dependencies": [
            "azurerm_resource_group.project2",
            "azurerm_subnet.app"
          ]
        }
      ]
    },
    {
      "mode": "managed",
      "type": "azurerm_network_security_group",
      "name": "bastion",
      "provider": "provider[\"registry.terraform.io/hashicorp/azurerm\"]",
      "instances": [
        {
          "schema_version": 0,
          "attributes": {
            "id": "/subscriptions/242d5020-c32a-4edc-8f1d-002a28e4ca1b/resourceGroups/IT-dev/providers/Microsoft.Network/networkSecurityGroups/IT-dev-vnet-bastionsubnet",
            "location": "eastus",
            "name": "IT-dev-vnet-bastionsubnet",
            "resource_group_name": "IT-dev",
            "security_rule": [],
            "tags": null,
            "timeouts": null
          },
          "sensitive_attributes": [],
          "private": "eyJlMmJmYjczMC1lY2FhLTExZTYtOGY4OC0zNDM2M2JjN2M0YzAiOnsiY3JlYXRlIjoxODAwMDAwMDAwMDAwLCJkZWxldGUiOjE4MDAwMDAwMDAwMDAsInJlYWQiOjMwMDAwMDAwMDAwMCwidXBkYXRlIjoxODAwMDAwMDAwMDAwfX0=",
          "dependencies": [
            "azurerm_resource_group.project2",
            "azurerm_subnet.bastion"
          ]
        }
      ]
    },
    {
      "mode": "managed",
      "type": "azurerm_network_security_group",
      "name": "db",
      "provider": "provider[\"registry.terraform.io/hashicorp/azurerm\"]",
      "instances": [
        {
          "schema_version": 0,
          "attributes": {
            "id": "/subscriptions/242d5020-c32a-4edc-8f1d-002a28e4ca1b/resourceGroups/IT-dev/providers/Microsoft.Network/networkSecurityGroups/IT-dev-vnet-dbsubnet",
            "location": "eastus",
            "name": "IT-dev-vnet-dbsubnet",
            "resource_group_name": "IT-dev",
            "security_rule": [],
            "tags": null,
            "timeouts": null
          },
          "sensitive_attributes": [],
          "private": "eyJlMmJmYjczMC1lY2FhLTExZTYtOGY4OC0zNDM2M2JjN2M0YzAiOnsiY3JlYXRlIjoxODAwMDAwMDAwMDAwLCJkZWxldGUiOjE4MDAwMDAwMDAwMDAsInJlYWQiOjMwMDAwMDAwMDAwMCwidXBkYXRlIjoxODAwMDAwMDAwMDAwfX0=",
          "dependencies": [
            "azurerm_resource_group.project2",
            "azurerm_subnet.db"
          ]
        }
      ]
    },
    {
      "mode": "managed",
      "type": "azurerm_network_security_group",
      "name": "nsg",
      "provider": "provider[\"registry.terraform.io/hashicorp/azurerm\"]",
      "instances": [
        {
          "schema_version": 0,
          "attributes": {
            "id": "/subscriptions/242d5020-c32a-4edc-8f1d-002a28e4ca1b/resourceGroups/IT-dev/providers/Microsoft.Network/networkSecurityGroups/IT-dev-vnet-websubnets-nsg",
            "location": "eastus",
            "name": "IT-dev-vnet-websubnets-nsg",
            "resource_group_name": "IT-dev",
            "security_rule": [
              {
                "access": "Allow",
                "description": "",
                "destination_address_prefix": "*",
                "destination_address_prefixes": [],
                "destination_application_security_group_ids": [],
                "destination_port_range": "22",
                "destination_port_ranges": [],
                "direction": "Inbound",
                "name": "Rule-port-22",
                "priority": 120,
                "protocol": "Tcp",
                "source_address_prefix": "*",
                "source_address_prefixes": [],
                "source_application_security_group_ids": [],
                "source_port_range": "*",
                "source_port_ranges": []
              },
              {
                "access": "Allow",
                "description": "",
                "destination_address_prefix": "*",
                "destination_address_prefixes": [],
                "destination_application_security_group_ids": [],
                "destination_port_range": "443",
                "destination_port_ranges": [],
                "direction": "Inbound",
                "name": "Rule-port-443",
                "priority": 110,
                "protocol": "Tcp",
                "source_address_prefix": "*",
                "source_address_prefixes": [],
                "source_application_security_group_ids": [],
                "source_port_range": "*",
                "source_port_ranges": []
              },
              {
                "access": "Allow",
                "description": "",
                "destination_address_prefix": "*",
                "destination_address_prefixes": [],
                "destination_application_security_group_ids": [],
                "destination_port_range": "80",
                "destination_port_ranges": [],
                "direction": "Inbound",
                "name": "Rule-port-80",
                "priority": 100,
                "protocol": "Tcp",
                "source_address_prefix": "*",
                "source_address_prefixes": [],
                "source_application_security_group_ids": [],
                "source_port_range": "*",
                "source_port_ranges": []
              }
            ],
            "tags": {},
            "timeouts": null
          },
          "sensitive_attributes": [],
          "private": "eyJlMmJmYjczMC1lY2FhLTExZTYtOGY4OC0zNDM2M2JjN2M0YzAiOnsiY3JlYXRlIjoxODAwMDAwMDAwMDAwLCJkZWxldGUiOjE4MDAwMDAwMDAwMDAsInJlYWQiOjMwMDAwMDAwMDAwMCwidXBkYXRlIjoxODAwMDAwMDAwMDAwfX0=",
          "dependencies": [
            "azurerm_resource_group.project2",
            "azurerm_subnet.websubnets",
            "azurerm_virtual_network.vnet"
          ]
        }
      ]
    },
    {
      "mode": "managed",
      "type": "azurerm_network_security_rule",
      "name": "app-nsg-rule",
      "provider": "provider[\"registry.terraform.io/hashicorp/azurerm\"]",
      "instances": [
        {
          "index_key": "100",
          "schema_version": 0,
          "attributes": {
            "access": "Allow",
            "description": "",
            "destination_address_prefix": "*",
            "destination_address_prefixes": null,
            "destination_application_security_group_ids": null,
            "destination_port_range": "80",
            "destination_port_ranges": null,
            "direction": "Inbound",
            "id": "/subscriptions/242d5020-c32a-4edc-8f1d-002a28e4ca1b/resourceGroups/IT-dev/providers/Microsoft.Network/networkSecurityGroups/IT-dev-vnet-appsubnet/securityRules/Rule-Port-80",
            "name": "Rule-Port-80",
            "network_security_group_name": "IT-dev-vnet-appsubnet",
            "priority": 100,
            "protocol": "Tcp",
            "resource_group_name": "IT-dev",
            "source_address_prefix": "*",
            "source_address_prefixes": null,
            "source_application_security_group_ids": null,
            "source_port_range": "*",
            "source_port_ranges": null,
            "timeouts": null
          },
          "sensitive_attributes": [],
          "private": "eyJlMmJmYjczMC1lY2FhLTExZTYtOGY4OC0zNDM2M2JjN2M0YzAiOnsiY3JlYXRlIjoxODAwMDAwMDAwMDAwLCJkZWxldGUiOjE4MDAwMDAwMDAwMDAsInJlYWQiOjMwMDAwMDAwMDAwMCwidXBkYXRlIjoxODAwMDAwMDAwMDAwfX0=",
          "dependencies": [
            "azurerm_network_security_group.app",
            "azurerm_resource_group.project2",
            "azurerm_subnet.app"
          ]
        },
        {
          "index_key": "110",
          "schema_version": 0,
          "attributes": {
            "access": "Allow",
            "description": "",
            "destination_address_prefix": "*",
            "destination_address_prefixes": null,
            "destination_application_security_group_ids": null,
            "destination_port_range": "443",
            "destination_port_ranges": null,
            "direction": "Inbound",
            "id": "/subscriptions/242d5020-c32a-4edc-8f1d-002a28e4ca1b/resourceGroups/IT-dev/providers/Microsoft.Network/networkSecurityGroups/IT-dev-vnet-appsubnet/securityRules/Rule-Port-443",
            "name": "Rule-Port-443",
            "network_security_group_name": "IT-dev-vnet-appsubnet",
            "priority": 110,
            "protocol": "Tcp",
            "resource_group_name": "IT-dev",
            "source_address_prefix": "*",
            "source_address_prefixes": null,
            "source_application_security_group_ids": null,
            "source_port_range": "*",
            "source_port_ranges": null,
            "timeouts": null
          },
          "sensitive_attributes": [],
          "private": "eyJlMmJmYjczMC1lY2FhLTExZTYtOGY4OC0zNDM2M2JjN2M0YzAiOnsiY3JlYXRlIjoxODAwMDAwMDAwMDAwLCJkZWxldGUiOjE4MDAwMDAwMDAwMDAsInJlYWQiOjMwMDAwMDAwMDAwMCwidXBkYXRlIjoxODAwMDAwMDAwMDAwfX0=",
          "dependencies": [
            "azurerm_network_security_group.app",
            "azurerm_resource_group.project2",
            "azurerm_subnet.app"
          ]
        },
        {
          "index_key": "120",
          "schema_version": 0,
          "attributes": {
            "access": "Allow",
            "description": "",
            "destination_address_prefix": "*",
            "destination_address_prefixes": null,
            "destination_application_security_group_ids": null,
            "destination_port_range": "8080",
            "destination_port_ranges": null,
            "direction": "Inbound",
            "id": "/subscriptions/242d5020-c32a-4edc-8f1d-002a28e4ca1b/resourceGroups/IT-dev/providers/Microsoft.Network/networkSecurityGroups/IT-dev-vnet-appsubnet/securityRules/Rule-Port-8080",
            "name": "Rule-Port-8080",
            "network_security_group_name": "IT-dev-vnet-appsubnet",
            "priority": 120,
            "protocol": "Tcp",
            "resource_group_name": "IT-dev",
            "source_address_prefix": "*",
            "source_address_prefixes": null,
            "source_application_security_group_ids": null,
            "source_port_range": "*",
            "source_port_ranges": null,
            "timeouts": null
          },
          "sensitive_attributes": [],
          "private": "eyJlMmJmYjczMC1lY2FhLTExZTYtOGY4OC0zNDM2M2JjN2M0YzAiOnsiY3JlYXRlIjoxODAwMDAwMDAwMDAwLCJkZWxldGUiOjE4MDAwMDAwMDAwMDAsInJlYWQiOjMwMDAwMDAwMDAwMCwidXBkYXRlIjoxODAwMDAwMDAwMDAwfX0=",
          "dependencies": [
            "azurerm_network_security_group.app",
            "azurerm_resource_group.project2",
            "azurerm_subnet.app"
          ]
        },
        {
          "index_key": "130",
          "schema_version": 0,
          "attributes": {
            "access": "Allow",
            "description": "",
            "destination_address_prefix": "*",
            "destination_address_prefixes": null,
            "destination_application_security_group_ids": null,
            "destination_port_range": "22",
            "destination_port_ranges": null,
            "direction": "Inbound",
            "id": "/subscriptions/242d5020-c32a-4edc-8f1d-002a28e4ca1b/resourceGroups/IT-dev/providers/Microsoft.Network/networkSecurityGroups/IT-dev-vnet-appsubnet/securityRules/Rule-Port-22",
            "name": "Rule-Port-22",
            "network_security_group_name": "IT-dev-vnet-appsubnet",
            "priority": 130,
            "protocol": "Tcp",
            "resource_group_name": "IT-dev",
            "source_address_prefix": "*",
            "source_address_prefixes": null,
            "source_application_security_group_ids": null,
            "source_port_range": "*",
            "source_port_ranges": null,
            "timeouts": null
          },
          "sensitive_attributes": [],
          "private": "eyJlMmJmYjczMC1lY2FhLTExZTYtOGY4OC0zNDM2M2JjN2M0YzAiOnsiY3JlYXRlIjoxODAwMDAwMDAwMDAwLCJkZWxldGUiOjE4MDAwMDAwMDAwMDAsInJlYWQiOjMwMDAwMDAwMDAwMCwidXBkYXRlIjoxODAwMDAwMDAwMDAwfX0=",
          "dependencies": [
            "azurerm_network_security_group.app",
            "azurerm_resource_group.project2",
            "azurerm_subnet.app"
          ]
        }
      ]
    },
    {
      "mode": "managed",
      "type": "azurerm_network_security_rule",
      "name": "bastion-nsg-rule",
      "provider": "provider[\"registry.terraform.io/hashicorp/azurerm\"]",
      "instances": [
        {
          "index_key": "100",
          "schema_version": 0,
          "attributes": {
            "access": "Allow",
            "description": "",
            "destination_address_prefix": "*",
            "destination_address_prefixes": null,
            "destination_application_security_group_ids": null,
            "destination_port_range": "22",
            "destination_port_ranges": null,
            "direction": "Inbound",
            "id": "/subscriptions/242d5020-c32a-4edc-8f1d-002a28e4ca1b/resourceGroups/IT-dev/providers/Microsoft.Network/networkSecurityGroups/IT-dev-vnet-bastionsubnet/securityRules/Rule-Port-22",
            "name": "Rule-Port-22",
            "network_security_group_name": "IT-dev-vnet-bastionsubnet",
            "priority": 100,
            "protocol": "Tcp",
            "resource_group_name": "IT-dev",
            "source_address_prefix": "*",
            "source_address_prefixes": null,
            "source_application_security_group_ids": null,
            "source_port_range": "*",
            "source_port_ranges": null,
            "timeouts": null
          },
          "sensitive_attributes": [],
          "private": "eyJlMmJmYjczMC1lY2FhLTExZTYtOGY4OC0zNDM2M2JjN2M0YzAiOnsiY3JlYXRlIjoxODAwMDAwMDAwMDAwLCJkZWxldGUiOjE4MDAwMDAwMDAwMDAsInJlYWQiOjMwMDAwMDAwMDAwMCwidXBkYXRlIjoxODAwMDAwMDAwMDAwfX0=",
          "dependencies": [
            "azurerm_network_security_group.bastion",
            "azurerm_resource_group.project2",
            "azurerm_subnet.bastion"
          ]
        },
        {
          "index_key": "110",
          "schema_version": 0,
          "attributes": {
            "access": "Allow",
            "description": "",
            "destination_address_prefix": "*",
            "destination_address_prefixes": null,
            "destination_application_security_group_ids": null,
            "destination_port_range": "3389",
            "destination_port_ranges": null,
            "direction": "Inbound",
            "id": "/subscriptions/242d5020-c32a-4edc-8f1d-002a28e4ca1b/resourceGroups/IT-dev/providers/Microsoft.Network/networkSecurityGroups/IT-dev-vnet-bastionsubnet/securityRules/Rule-Port-3389",
            "name": "Rule-Port-3389",
            "network_security_group_name": "IT-dev-vnet-bastionsubnet",
            "priority": 110,
            "protocol": "Tcp",
            "resource_group_name": "IT-dev",
            "source_address_prefix": "*",
            "source_address_prefixes": null,
            "source_application_security_group_ids": null,
            "source_port_range": "*",
            "source_port_ranges": null,
            "timeouts": null
          },
          "sensitive_attributes": [],
          "private": "eyJlMmJmYjczMC1lY2FhLTExZTYtOGY4OC0zNDM2M2JjN2M0YzAiOnsiY3JlYXRlIjoxODAwMDAwMDAwMDAwLCJkZWxldGUiOjE4MDAwMDAwMDAwMDAsInJlYWQiOjMwMDAwMDAwMDAwMCwidXBkYXRlIjoxODAwMDAwMDAwMDAwfX0=",
          "dependencies": [
            "azurerm_network_security_group.bastion",
            "azurerm_resource_group.project2",
            "azurerm_subnet.bastion"
          ]
        }
      ]
    },
    {
      "mode": "managed",
      "type": "azurerm_network_security_rule",
      "name": "db-nsg-rule",
      "provider": "provider[\"registry.terraform.io/hashicorp/azurerm\"]",
      "instances": [
        {
          "index_key": "100",
          "schema_version": 0,
          "attributes": {
            "access": "Allow",
            "description": "",
            "destination_address_prefix": "*",
            "destination_address_prefixes": null,
            "destination_application_security_group_ids": null,
            "destination_port_range": "3306",
            "destination_port_ranges": null,
            "direction": "Inbound",
            "id": "/subscriptions/242d5020-c32a-4edc-8f1d-002a28e4ca1b/resourceGroups/IT-dev/providers/Microsoft.Network/networkSecurityGroups/IT-dev-vnet-dbsubnet/securityRules/Rule-Port-3306",
            "name": "Rule-Port-3306",
            "network_security_group_name": "IT-dev-vnet-dbsubnet",
            "priority": 100,
            "protocol": "Tcp",
            "resource_group_name": "IT-dev",
            "source_address_prefix": "*",
            "source_address_prefixes": null,
            "source_application_security_group_ids": null,
            "source_port_range": "*",
            "source_port_ranges": null,
            "timeouts": null
          },
          "sensitive_attributes": [],
          "private": "eyJlMmJmYjczMC1lY2FhLTExZTYtOGY4OC0zNDM2M2JjN2M0YzAiOnsiY3JlYXRlIjoxODAwMDAwMDAwMDAwLCJkZWxldGUiOjE4MDAwMDAwMDAwMDAsInJlYWQiOjMwMDAwMDAwMDAwMCwidXBkYXRlIjoxODAwMDAwMDAwMDAwfX0=",
          "dependencies": [
            "azurerm_network_security_group.db",
            "azurerm_resource_group.project2",
            "azurerm_subnet.db"
          ]
        },
        {
          "index_key": "110",
          "schema_version": 0,
          "attributes": {
            "access": "Allow",
            "description": "",
            "destination_address_prefix": "*",
            "destination_address_prefixes": null,
            "destination_application_security_group_ids": null,
            "destination_port_range": "1433",
            "destination_port_ranges": null,
            "direction": "Inbound",
            "id": "/subscriptions/242d5020-c32a-4edc-8f1d-002a28e4ca1b/resourceGroups/IT-dev/providers/Microsoft.Network/networkSecurityGroups/IT-dev-vnet-dbsubnet/securityRules/Rule-Port-1433",
            "name": "Rule-Port-1433",
            "network_security_group_name": "IT-dev-vnet-dbsubnet",
            "priority": 110,
            "protocol": "Tcp",
            "resource_group_name": "IT-dev",
            "source_address_prefix": "*",
            "source_address_prefixes": null,
            "source_application_security_group_ids": null,
            "source_port_range": "*",
            "source_port_ranges": null,
            "timeouts": null
          },
          "sensitive_attributes": [],
          "private": "eyJlMmJmYjczMC1lY2FhLTExZTYtOGY4OC0zNDM2M2JjN2M0YzAiOnsiY3JlYXRlIjoxODAwMDAwMDAwMDAwLCJkZWxldGUiOjE4MDAwMDAwMDAwMDAsInJlYWQiOjMwMDAwMDAwMDAwMCwidXBkYXRlIjoxODAwMDAwMDAwMDAwfX0=",
          "dependencies": [
            "azurerm_network_security_group.db",
            "azurerm_resource_group.project2",
            "azurerm_subnet.db"
          ]
        },
        {
          "index_key": "120",
          "schema_version": 0,
          "attributes": {
            "access": "Allow",
            "description": "",
            "destination_address_prefix": "*",
            "destination_address_prefixes": null,
            "destination_application_security_group_ids": null,
            "destination_port_range": "5432",
            "destination_port_ranges": null,
            "direction": "Inbound",
            "id": "/subscriptions/242d5020-c32a-4edc-8f1d-002a28e4ca1b/resourceGroups/IT-dev/providers/Microsoft.Network/networkSecurityGroups/IT-dev-vnet-dbsubnet/securityRules/Rule-Port-5432",
            "name": "Rule-Port-5432",
            "network_security_group_name": "IT-dev-vnet-dbsubnet",
            "priority": 120,
            "protocol": "Tcp",
            "resource_group_name": "IT-dev",
            "source_address_prefix": "*",
            "source_address_prefixes": null,
            "source_application_security_group_ids": null,
            "source_port_range": "*",
            "source_port_ranges": null,
            "timeouts": null
          },
          "sensitive_attributes": [],
          "private": "eyJlMmJmYjczMC1lY2FhLTExZTYtOGY4OC0zNDM2M2JjN2M0YzAiOnsiY3JlYXRlIjoxODAwMDAwMDAwMDAwLCJkZWxldGUiOjE4MDAwMDAwMDAwMDAsInJlYWQiOjMwMDAwMDAwMDAwMCwidXBkYXRlIjoxODAwMDAwMDAwMDAwfX0=",
          "dependencies": [
            "azurerm_network_security_group.db",
            "azurerm_resource_group.project2",
            "azurerm_subnet.db"
          ]
        }
      ]
    },
    {
      "mode": "managed",
      "type": "azurerm_network_security_rule",
      "name": "nsg-rule",
      "provider": "provider[\"registry.terraform.io/hashicorp/azurerm\"]",
      "instances": [
        {
          "index_key": "100",
          "schema_version": 0,
          "attributes": {
            "access": "Allow",
            "description": "",
            "destination_address_prefix": "*",
            "destination_address_prefixes": [],
            "destination_application_security_group_ids": [],
            "destination_port_range": "80",
            "destination_port_ranges": [],
            "direction": "Inbound",
            "id": "/subscriptions/242d5020-c32a-4edc-8f1d-002a28e4ca1b/resourceGroups/IT-dev/providers/Microsoft.Network/networkSecurityGroups/IT-dev-vnet-websubnets-nsg/securityRules/Rule-port-80",
            "name": "Rule-port-80",
            "network_security_group_name": "IT-dev-vnet-websubnets-nsg",
            "priority": 100,
            "protocol": "Tcp",
            "resource_group_name": "IT-dev",
            "source_address_prefix": "*",
            "source_address_prefixes": [],
            "source_application_security_group_ids": [],
            "source_port_range": "*",
            "source_port_ranges": [],
            "timeouts": null
          },
          "sensitive_attributes": [],
          "private": "eyJlMmJmYjczMC1lY2FhLTExZTYtOGY4OC0zNDM2M2JjN2M0YzAiOnsiY3JlYXRlIjoxODAwMDAwMDAwMDAwLCJkZWxldGUiOjE4MDAwMDAwMDAwMDAsInJlYWQiOjMwMDAwMDAwMDAwMCwidXBkYXRlIjoxODAwMDAwMDAwMDAwfX0=",
          "dependencies": [
            "azurerm_network_security_group.nsg",
            "azurerm_resource_group.project2",
            "azurerm_subnet.websubnets",
            "azurerm_virtual_network.vnet"
          ]
        },
        {
          "index_key": "110",
          "schema_version": 0,
          "attributes": {
            "access": "Allow",
            "description": "",
            "destination_address_prefix": "*",
            "destination_address_prefixes": [],
            "destination_application_security_group_ids": [],
            "destination_port_range": "443",
            "destination_port_ranges": [],
            "direction": "Inbound",
            "id": "/subscriptions/242d5020-c32a-4edc-8f1d-002a28e4ca1b/resourceGroups/IT-dev/providers/Microsoft.Network/networkSecurityGroups/IT-dev-vnet-websubnets-nsg/securityRules/Rule-port-443",
            "name": "Rule-port-443",
            "network_security_group_name": "IT-dev-vnet-websubnets-nsg",
            "priority": 110,
            "protocol": "Tcp",
            "resource_group_name": "IT-dev",
            "source_address_prefix": "*",
            "source_address_prefixes": [],
            "source_application_security_group_ids": [],
            "source_port_range": "*",
            "source_port_ranges": [],
            "timeouts": null
          },
          "sensitive_attributes": [],
          "private": "eyJlMmJmYjczMC1lY2FhLTExZTYtOGY4OC0zNDM2M2JjN2M0YzAiOnsiY3JlYXRlIjoxODAwMDAwMDAwMDAwLCJkZWxldGUiOjE4MDAwMDAwMDAwMDAsInJlYWQiOjMwMDAwMDAwMDAwMCwidXBkYXRlIjoxODAwMDAwMDAwMDAwfX0=",
          "dependencies": [
            "azurerm_network_security_group.nsg",
            "azurerm_resource_group.project2",
            "azurerm_subnet.websubnets",
            "azurerm_virtual_network.vnet"
          ]
        },
        {
          "index_key": "120",
          "schema_version": 0,
          "attributes": {
            "access": "Allow",
            "description": "",
            "destination_address_prefix": "*",
            "destination_address_prefixes": [],
            "destination_application_security_group_ids": [],
            "destination_port_range": "22",
            "destination_port_ranges": [],
            "direction": "Inbound",
            "id": "/subscriptions/242d5020-c32a-4edc-8f1d-002a28e4ca1b/resourceGroups/IT-dev/providers/Microsoft.Network/networkSecurityGroups/IT-dev-vnet-websubnets-nsg/securityRules/Rule-port-22",
            "name": "Rule-port-22",
            "network_security_group_name": "IT-dev-vnet-websubnets-nsg",
            "priority": 120,
            "protocol": "Tcp",
            "resource_group_name": "IT-dev",
            "source_address_prefix": "*",
            "source_address_prefixes": [],
            "source_application_security_group_ids": [],
            "source_port_range": "*",
            "source_port_ranges": [],
            "timeouts": null
          },
          "sensitive_attributes": [],
          "private": "eyJlMmJmYjczMC1lY2FhLTExZTYtOGY4OC0zNDM2M2JjN2M0YzAiOnsiY3JlYXRlIjoxODAwMDAwMDAwMDAwLCJkZWxldGUiOjE4MDAwMDAwMDAwMDAsInJlYWQiOjMwMDAwMDAwMDAwMCwidXBkYXRlIjoxODAwMDAwMDAwMDAwfX0=",
          "dependencies": [
            "azurerm_network_security_group.nsg",
            "azurerm_resource_group.project2",
            "azurerm_subnet.websubnets",
            "azurerm_virtual_network.vnet"
          ]
        }
      ]
    },
    {
      "mode": "managed",
      "type": "azurerm_resource_group",
      "name": "project2",
      "provider": "provider[\"registry.terraform.io/hashicorp/azurerm\"]",
      "instances": [
        {
          "schema_version": 0,
          "attributes": {
            "id": "/subscriptions/242d5020-c32a-4edc-8f1d-002a28e4ca1b/resourceGroups/IT-dev",
            "location": "eastus",
            "name": "IT-dev",
            "tags": {},
            "timeouts": null
          },
          "sensitive_attributes": [],
          "private": "eyJlMmJmYjczMC1lY2FhLTExZTYtOGY4OC0zNDM2M2JjN2M0YzAiOnsiY3JlYXRlIjo1NDAwMDAwMDAwMDAwLCJkZWxldGUiOjU0MDAwMDAwMDAwMDAsInJlYWQiOjMwMDAwMDAwMDAwMCwidXBkYXRlIjo1NDAwMDAwMDAwMDAwfX0="
        }
      ]
    },
    {
      "mode": "managed",
      "type": "azurerm_storage_account",
      "name": "project2",
      "provider": "provider[\"registry.terraform.io/hashicorp/azurerm\"]",
      "instances": [
        {
          "schema_version": 3,
          "attributes": {
            "access_tier": "Hot",
            "account_kind": "StorageV2",
            "account_replication_type": "GRS",
            "account_tier": "Standard",
            "allow_nested_items_to_be_public": true,
            "azure_files_authentication": [],
            "blob_properties": [
              {
                "change_feed_enabled": false,
                "container_delete_retention_policy": [],
                "cors_rule": [],
                "default_service_version": "",
                "delete_retention_policy": [],
                "last_access_time_enabled": false,
                "versioning_enabled": false
              }
            ],
            "custom_domain": [],
            "customer_managed_key": [],
            "edge_zone": "",
            "enable_https_traffic_only": true,
            "id": "/subscriptions/242d5020-c32a-4edc-8f1d-002a28e4ca1b/resourceGroups/IT-dev/providers/Microsoft.Storage/storageAccounts/dev6460079419762642",
            "identity": [],
            "infrastructure_encryption_enabled": false,
            "is_hns_enabled": false,
            "large_file_share_enabled": null,
            "location": "eastus",
            "min_tls_version": "TLS1_2",
            "name": "dev6460079419762642",
            "network_rules": [
              {
                "bypass": [
                  "AzureServices"
                ],
                "default_action": "Allow",
                "ip_rules": [],
                "private_link_access": [],
                "virtual_network_subnet_ids": []
              }
            ],
            "nfsv3_enabled": false,
            "primary_access_key": "YFWw6/AzI2ZA63H25XFJxg1MjeBzN0LXfopBzz+EO68fcJOSqvKw4RFjd9fMZs2lF6uq3MOVwWHW+AStLdXe9w==",
            "primary_blob_connection_string": "DefaultEndpointsProtocol=https;BlobEndpoint=https://dev6460079419762642.blob.core.windows.net/;AccountName=dev6460079419762642;AccountKey=YFWw6/AzI2ZA63H25XFJxg1MjeBzN0LXfopBzz+EO68fcJOSqvKw4RFjd9fMZs2lF6uq3MOVwWHW+AStLdXe9w==",
            "primary_blob_endpoint": "https://dev6460079419762642.blob.core.windows.net/",
            "primary_blob_host": "dev6460079419762642.blob.core.windows.net",
            "primary_connection_string": "DefaultEndpointsProtocol=https;AccountName=dev6460079419762642;AccountKey=YFWw6/AzI2ZA63H25XFJxg1MjeBzN0LXfopBzz+EO68fcJOSqvKw4RFjd9fMZs2lF6uq3MOVwWHW+AStLdXe9w==;EndpointSuffix=core.windows.net",
            "primary_dfs_endpoint": "https://dev6460079419762642.dfs.core.windows.net/",
            "primary_dfs_host": "dev6460079419762642.dfs.core.windows.net",
            "primary_file_endpoint": "https://dev6460079419762642.file.core.windows.net/",
            "primary_file_host": "dev6460079419762642.file.core.windows.net",
            "primary_location": "eastus",
            "primary_queue_endpoint": "https://dev6460079419762642.queue.core.windows.net/",
            "primary_queue_host": "dev6460079419762642.queue.core.windows.net",
            "primary_table_endpoint": "https://dev6460079419762642.table.core.windows.net/",
            "primary_table_host": "dev6460079419762642.table.core.windows.net",
            "primary_web_endpoint": "https://dev6460079419762642.z13.web.core.windows.net/",
            "primary_web_host": "dev6460079419762642.z13.web.core.windows.net",
            "queue_encryption_key_type": "Service",
            "queue_properties": [
              {
                "cors_rule": [],
                "hour_metrics": [
                  {
                    "enabled": true,
                    "include_apis": true,
                    "retention_policy_days": 7,
                    "version": "1.0"
                  }
                ],
                "logging": [
                  {
                    "delete": false,
                    "read": false,
                    "retention_policy_days": 0,
                    "version": "1.0",
                    "write": false
                  }
                ],
                "minute_metrics": [
                  {
                    "enabled": false,
                    "include_apis": false,
                    "retention_policy_days": 0,
                    "version": "1.0"
                  }
                ]
              }
            ],
            "resource_group_name": "IT-dev",
            "routing": [],
            "secondary_access_key": "LtBdLgdbk+Bgmb6stDuVxtS6ZPqhAKcHO3rOnf3KlMQAAdSM4ASfa3BT2NEL7Q4lL67kvTwL53oz+AStaEJFBg==",
            "secondary_blob_connection_string": "",
            "secondary_blob_endpoint": null,
            "secondary_blob_host": null,
            "secondary_connection_string": "DefaultEndpointsProtocol=https;AccountName=dev6460079419762642;AccountKey=LtBdLgdbk+Bgmb6stDuVxtS6ZPqhAKcHO3rOnf3KlMQAAdSM4ASfa3BT2NEL7Q4lL67kvTwL53oz+AStaEJFBg==;EndpointSuffix=core.windows.net",
            "secondary_dfs_endpoint": null,
            "secondary_dfs_host": null,
            "secondary_file_endpoint": null,
            "secondary_file_host": null,
            "secondary_location": "westus",
            "secondary_queue_endpoint": null,
            "secondary_queue_host": null,
            "secondary_table_endpoint": null,
            "secondary_table_host": null,
            "secondary_web_endpoint": null,
            "secondary_web_host": null,
            "share_properties": [
              {
                "cors_rule": [],
                "retention_policy": [
                  {
                    "days": 7
                  }
                ],
                "smb": []
              }
            ],
            "shared_access_key_enabled": true,
            "static_website": [],
            "table_encryption_key_type": "Service",
            "tags": {},
            "timeouts": null
          },
          "sensitive_attributes": [],
          "private": "eyJlMmJmYjczMC1lY2FhLTExZTYtOGY4OC0zNDM2M2JjN2M0YzAiOnsiY3JlYXRlIjozNjAwMDAwMDAwMDAwLCJkZWxldGUiOjM2MDAwMDAwMDAwMDAsInJlYWQiOjMwMDAwMDAwMDAwMCwidXBkYXRlIjozNjAwMDAwMDAwMDAwfSwic2NoZW1hX3ZlcnNpb24iOiIzIn0=",
          "dependencies": [
            "azurerm_resource_group.project2",
            "random_string.locals"
          ]
        }
      ]
    },
    {
      "mode": "managed",
      "type": "azurerm_storage_container",
      "name": "storage",
      "provider": "provider[\"registry.terraform.io/hashicorp/azurerm\"]",
      "instances": [
        {
          "schema_version": 1,
          "attributes": {
            "container_access_type": "private",
            "has_immutability_policy": false,
            "has_legal_hold": false,
            "id": "https://dev6460079419762642.blob.core.windows.net/terraform",
            "metadata": {},
            "name": "terraform",
            "resource_manager_id": "/subscriptions/242d5020-c32a-4edc-8f1d-002a28e4ca1b/resourceGroups/IT-dev/providers/Microsoft.Storage/storageAccounts/dev6460079419762642/blobServices/default/containers/terraform",
            "storage_account_name": "dev6460079419762642",
            "timeouts": null
          },
          "sensitive_attributes": [],
          "private": "eyJlMmJmYjczMC1lY2FhLTExZTYtOGY4OC0zNDM2M2JjN2M0YzAiOnsiY3JlYXRlIjoxODAwMDAwMDAwMDAwLCJkZWxldGUiOjE4MDAwMDAwMDAwMDAsInJlYWQiOjMwMDAwMDAwMDAwMCwidXBkYXRlIjoxODAwMDAwMDAwMDAwfSwic2NoZW1hX3ZlcnNpb24iOiIxIn0=",
          "dependencies": [
            "azurerm_resource_group.project2",
            "azurerm_storage_account.project2",
            "random_string.locals"
          ]
        }
      ]
    },
    {
      "mode": "managed",
      "type": "azurerm_subnet",
      "name": "app",
      "provider": "provider[\"registry.terraform.io/hashicorp/azurerm\"]",
      "instances": [
        {
          "schema_version": 0,
          "attributes": {
            "address_prefixes": [
              "10.0.11.0/24"
            ],
            "delegation": [],
            "enforce_private_link_endpoint_network_policies": false,
            "enforce_private_link_service_network_policies": false,
            "id": "/subscriptions/242d5020-c32a-4edc-8f1d-002a28e4ca1b/resourceGroups/IT-dev/providers/Microsoft.Network/virtualNetworks/IT-dev-vnet/subnets/IT-dev-vnet-appsubnet",
            "name": "IT-dev-vnet-appsubnet",
            "resource_group_name": "IT-dev",
            "service_endpoint_policy_ids": [],
            "service_endpoints": [],
            "timeouts": null,
            "virtual_network_name": "IT-dev-vnet"
          },
          "sensitive_attributes": [],
          "private": "eyJlMmJmYjczMC1lY2FhLTExZTYtOGY4OC0zNDM2M2JjN2M0YzAiOnsiY3JlYXRlIjoxODAwMDAwMDAwMDAwLCJkZWxldGUiOjE4MDAwMDAwMDAwMDAsInJlYWQiOjMwMDAwMDAwMDAwMCwidXBkYXRlIjoxODAwMDAwMDAwMDAwfX0=",
          "dependencies": [
            "azurerm_resource_group.project2",
            "azurerm_virtual_network.vnet"
          ]
        }
      ]
    },
    {
      "mode": "managed",
      "type": "azurerm_subnet",
      "name": "bastion",
      "provider": "provider[\"registry.terraform.io/hashicorp/azurerm\"]",
      "instances": [
        {
          "schema_version": 0,
          "attributes": {
            "address_prefixes": [
              "10.0.100.0/24"
            ],
            "delegation": [],
            "enforce_private_link_endpoint_network_policies": false,
            "enforce_private_link_service_network_policies": false,
            "id": "/subscriptions/242d5020-c32a-4edc-8f1d-002a28e4ca1b/resourceGroups/IT-dev/providers/Microsoft.Network/virtualNetworks/IT-dev-vnet/subnets/IT-dev-vnet-bastionsubnet",
            "name": "IT-dev-vnet-bastionsubnet",
            "resource_group_name": "IT-dev",
            "service_endpoint_policy_ids": [],
            "service_endpoints": [],
            "timeouts": null,
            "virtual_network_name": "IT-dev-vnet"
          },
          "sensitive_attributes": [],
          "private": "eyJlMmJmYjczMC1lY2FhLTExZTYtOGY4OC0zNDM2M2JjN2M0YzAiOnsiY3JlYXRlIjoxODAwMDAwMDAwMDAwLCJkZWxldGUiOjE4MDAwMDAwMDAwMDAsInJlYWQiOjMwMDAwMDAwMDAwMCwidXBkYXRlIjoxODAwMDAwMDAwMDAwfX0=",
          "dependencies": [
            "azurerm_resource_group.project2",
            "azurerm_virtual_network.vnet"
          ]
        }
      ]
    },
    {
      "mode": "managed",
      "type": "azurerm_subnet",
      "name": "db",
      "provider": "provider[\"registry.terraform.io/hashicorp/azurerm\"]",
      "instances": [
        {
          "schema_version": 0,
          "attributes": {
            "address_prefixes": [
              "10.0.21.0/24"
            ],
            "delegation": [],
            "enforce_private_link_endpoint_network_policies": false,
            "enforce_private_link_service_network_policies": false,
            "id": "/subscriptions/242d5020-c32a-4edc-8f1d-002a28e4ca1b/resourceGroups/IT-dev/providers/Microsoft.Network/virtualNetworks/IT-dev-vnet/subnets/IT-dev-vnet-dbsubnet",
            "name": "IT-dev-vnet-dbsubnet",
            "resource_group_name": "IT-dev",
            "service_endpoint_policy_ids": [],
            "service_endpoints": [],
            "timeouts": null,
            "virtual_network_name": "IT-dev-vnet"
          },
          "sensitive_attributes": [],
          "private": "eyJlMmJmYjczMC1lY2FhLTExZTYtOGY4OC0zNDM2M2JjN2M0YzAiOnsiY3JlYXRlIjoxODAwMDAwMDAwMDAwLCJkZWxldGUiOjE4MDAwMDAwMDAwMDAsInJlYWQiOjMwMDAwMDAwMDAwMCwidXBkYXRlIjoxODAwMDAwMDAwMDAwfX0=",
          "dependencies": [
            "azurerm_resource_group.project2",
            "azurerm_virtual_network.vnet"
          ]
        }
      ]
    },
    {
      "mode": "managed",
      "type": "azurerm_subnet",
      "name": "websubnets",
      "provider": "provider[\"registry.terraform.io/hashicorp/azurerm\"]",
      "instances": [
        {
          "schema_version": 0,
          "attributes": {
            "address_prefixes": [
              "10.0.1.0/24"
            ],
            "delegation": [],
            "enforce_private_link_endpoint_network_policies": false,
            "enforce_private_link_service_network_policies": false,
            "id": "/subscriptions/242d5020-c32a-4edc-8f1d-002a28e4ca1b/resourceGroups/IT-dev/providers/Microsoft.Network/virtualNetworks/IT-dev-vnet/subnets/IT-dev-vnet-websubnets",
            "name": "IT-dev-vnet-websubnets",
            "resource_group_name": "IT-dev",
            "service_endpoint_policy_ids": [],
            "service_endpoints": [],
            "timeouts": null,
            "virtual_network_name": "IT-dev-vnet"
          },
          "sensitive_attributes": [],
          "private": "eyJlMmJmYjczMC1lY2FhLTExZTYtOGY4OC0zNDM2M2JjN2M0YzAiOnsiY3JlYXRlIjoxODAwMDAwMDAwMDAwLCJkZWxldGUiOjE4MDAwMDAwMDAwMDAsInJlYWQiOjMwMDAwMDAwMDAwMCwidXBkYXRlIjoxODAwMDAwMDAwMDAwfX0=",
          "dependencies": [
            "azurerm_resource_group.project2",
            "azurerm_virtual_network.vnet"
          ]
        }
      ]
    },
    {
      "mode": "managed",
      "type": "azurerm_subnet_network_security_group_association",
      "name": "appsubnet-nsg-association",
      "provider": "provider[\"registry.terraform.io/hashicorp/azurerm\"]",
      "instances": [
        {
          "schema_version": 0,
          "attributes": {
            "id": "/subscriptions/242d5020-c32a-4edc-8f1d-002a28e4ca1b/resourceGroups/IT-dev/providers/Microsoft.Network/virtualNetworks/IT-dev-vnet/subnets/IT-dev-vnet-appsubnet",
            "network_security_group_id": "/subscriptions/242d5020-c32a-4edc-8f1d-002a28e4ca1b/resourceGroups/IT-dev/providers/Microsoft.Network/networkSecurityGroups/IT-dev-vnet-appsubnet",
            "subnet_id": "/subscriptions/242d5020-c32a-4edc-8f1d-002a28e4ca1b/resourceGroups/IT-dev/providers/Microsoft.Network/virtualNetworks/IT-dev-vnet/subnets/IT-dev-vnet-appsubnet",
            "timeouts": null
          },
          "sensitive_attributes": [],
          "private": "eyJlMmJmYjczMC1lY2FhLTExZTYtOGY4OC0zNDM2M2JjN2M0YzAiOnsiY3JlYXRlIjoxODAwMDAwMDAwMDAwLCJkZWxldGUiOjE4MDAwMDAwMDAwMDAsInJlYWQiOjMwMDAwMDAwMDAwMCwidXBkYXRlIjoxODAwMDAwMDAwMDAwfX0=",
          "dependencies": [
            "azurerm_network_security_group.app",
            "azurerm_network_security_rule.app-nsg-rule",
            "azurerm_resource_group.project2",
            "azurerm_subnet.app"
          ]
        }
      ]
    },
    {
      "mode": "managed",
      "type": "azurerm_subnet_network_security_group_association",
      "name": "bastionsubnet-nsg-association",
      "provider": "provider[\"registry.terraform.io/hashicorp/azurerm\"]",
      "instances": [
        {
          "schema_version": 0,
          "attributes": {
            "id": "/subscriptions/242d5020-c32a-4edc-8f1d-002a28e4ca1b/resourceGroups/IT-dev/providers/Microsoft.Network/virtualNetworks/IT-dev-vnet/subnets/IT-dev-vnet-bastionsubnet",
            "network_security_group_id": "/subscriptions/242d5020-c32a-4edc-8f1d-002a28e4ca1b/resourceGroups/IT-dev/providers/Microsoft.Network/networkSecurityGroups/IT-dev-vnet-bastionsubnet",
            "subnet_id": "/subscriptions/242d5020-c32a-4edc-8f1d-002a28e4ca1b/resourceGroups/IT-dev/providers/Microsoft.Network/virtualNetworks/IT-dev-vnet/subnets/IT-dev-vnet-bastionsubnet",
            "timeouts": null
          },
          "sensitive_attributes": [],
          "private": "eyJlMmJmYjczMC1lY2FhLTExZTYtOGY4OC0zNDM2M2JjN2M0YzAiOnsiY3JlYXRlIjoxODAwMDAwMDAwMDAwLCJkZWxldGUiOjE4MDAwMDAwMDAwMDAsInJlYWQiOjMwMDAwMDAwMDAwMCwidXBkYXRlIjoxODAwMDAwMDAwMDAwfX0=",
          "dependencies": [
            "azurerm_network_security_group.bastion",
            "azurerm_network_security_rule.bastion-nsg-rule",
            "azurerm_resource_group.project2",
            "azurerm_subnet.bastion"
          ]
        }
      ]
    },
    {
      "mode": "managed",
      "type": "azurerm_subnet_network_security_group_association",
      "name": "dbsubnet-nsg-association",
      "provider": "provider[\"registry.terraform.io/hashicorp/azurerm\"]",
      "instances": [
        {
          "schema_version": 0,
          "attributes": {
            "id": "/subscriptions/242d5020-c32a-4edc-8f1d-002a28e4ca1b/resourceGroups/IT-dev/providers/Microsoft.Network/virtualNetworks/IT-dev-vnet/subnets/IT-dev-vnet-dbsubnet",
            "network_security_group_id": "/subscriptions/242d5020-c32a-4edc-8f1d-002a28e4ca1b/resourceGroups/IT-dev/providers/Microsoft.Network/networkSecurityGroups/IT-dev-vnet-dbsubnet",
            "subnet_id": "/subscriptions/242d5020-c32a-4edc-8f1d-002a28e4ca1b/resourceGroups/IT-dev/providers/Microsoft.Network/virtualNetworks/IT-dev-vnet/subnets/IT-dev-vnet-dbsubnet",
            "timeouts": null
          },
          "sensitive_attributes": [],
          "private": "eyJlMmJmYjczMC1lY2FhLTExZTYtOGY4OC0zNDM2M2JjN2M0YzAiOnsiY3JlYXRlIjoxODAwMDAwMDAwMDAwLCJkZWxldGUiOjE4MDAwMDAwMDAwMDAsInJlYWQiOjMwMDAwMDAwMDAwMCwidXBkYXRlIjoxODAwMDAwMDAwMDAwfX0=",
          "dependencies": [
            "azurerm_network_security_group.db",
            "azurerm_network_security_rule.db-nsg-rule",
            "azurerm_resource_group.project2",
            "azurerm_subnet.db"
          ]
        }
      ]
    },
    {
      "mode": "managed",
      "type": "azurerm_subnet_network_security_group_association",
      "name": "websubnet-nsg-association",
      "provider": "provider[\"registry.terraform.io/hashicorp/azurerm\"]",
      "instances": [
        {
          "schema_version": 0,
          "attributes": {
            "id": "/subscriptions/242d5020-c32a-4edc-8f1d-002a28e4ca1b/resourceGroups/IT-dev/providers/Microsoft.Network/virtualNetworks/IT-dev-vnet/subnets/IT-dev-vnet-websubnets",
            "network_security_group_id": "/subscriptions/242d5020-c32a-4edc-8f1d-002a28e4ca1b/resourceGroups/IT-dev/providers/Microsoft.Network/networkSecurityGroups/IT-dev-vnet-websubnets-nsg",
            "subnet_id": "/subscriptions/242d5020-c32a-4edc-8f1d-002a28e4ca1b/resourceGroups/IT-dev/providers/Microsoft.Network/virtualNetworks/IT-dev-vnet/subnets/IT-dev-vnet-websubnets",
            "timeouts": null
          },
          "sensitive_attributes": [],
          "private": "eyJlMmJmYjczMC1lY2FhLTExZTYtOGY4OC0zNDM2M2JjN2M0YzAiOnsiY3JlYXRlIjoxODAwMDAwMDAwMDAwLCJkZWxldGUiOjE4MDAwMDAwMDAwMDAsInJlYWQiOjMwMDAwMDAwMDAwMCwidXBkYXRlIjoxODAwMDAwMDAwMDAwfX0=",
          "dependencies": [
            "azurerm_network_security_group.nsg",
            "azurerm_network_security_rule.nsg-rule",
            "azurerm_resource_group.project2",
            "azurerm_subnet.websubnets",
            "azurerm_virtual_network.vnet"
          ]
        }
      ]
    },
    {
      "mode": "managed",
      "type": "azurerm_virtual_network",
      "name": "vnet",
      "provider": "provider[\"registry.terraform.io/hashicorp/azurerm\"]",
      "instances": [
        {
          "schema_version": 0,
          "attributes": {
            "address_space": [
              "10.0.0.0/16"
            ],
            "bgp_community": "",
            "ddos_protection_plan": [],
            "dns_servers": [],
            "edge_zone": "",
            "flow_timeout_in_minutes": 0,
            "guid": "52fbc247-1dd1-4deb-a339-38bc6e1cf7c6",
            "id": "/subscriptions/242d5020-c32a-4edc-8f1d-002a28e4ca1b/resourceGroups/IT-dev/providers/Microsoft.Network/virtualNetworks/IT-dev-vnet",
            "location": "eastus",
            "name": "IT-dev-vnet",
            "resource_group_name": "IT-dev",
            "subnet": [
              {
                "address_prefix": "10.0.1.0/24",
                "id": "/subscriptions/242d5020-c32a-4edc-8f1d-002a28e4ca1b/resourceGroups/IT-dev/providers/Microsoft.Network/virtualNetworks/IT-dev-vnet/subnets/IT-dev-vnet-websubnets",
                "name": "IT-dev-vnet-websubnets",
                "security_group": "/subscriptions/242d5020-c32a-4edc-8f1d-002a28e4ca1b/resourceGroups/IT-dev/providers/Microsoft.Network/networkSecurityGroups/IT-dev-vnet-websubnets-nsg"
              },
              {
                "address_prefix": "10.0.100.0/24",
                "id": "/subscriptions/242d5020-c32a-4edc-8f1d-002a28e4ca1b/resourceGroups/IT-dev/providers/Microsoft.Network/virtualNetworks/IT-dev-vnet/subnets/IT-dev-vnet-bastionsubnet",
                "name": "IT-dev-vnet-bastionsubnet",
                "security_group": ""
              },
              {
                "address_prefix": "10.0.11.0/24",
                "id": "/subscriptions/242d5020-c32a-4edc-8f1d-002a28e4ca1b/resourceGroups/IT-dev/providers/Microsoft.Network/virtualNetworks/IT-dev-vnet/subnets/IT-dev-vnet-appsubnet",
                "name": "IT-dev-vnet-appsubnet",
                "security_group": ""
              },
              {
                "address_prefix": "10.0.21.0/24",
                "id": "/subscriptions/242d5020-c32a-4edc-8f1d-002a28e4ca1b/resourceGroups/IT-dev/providers/Microsoft.Network/virtualNetworks/IT-dev-vnet/subnets/IT-dev-vnet-dbsubnet",
                "name": "IT-dev-vnet-dbsubnet",
                "security_group": ""
              }
            ],
            "tags": {},
            "timeouts": null
          },
          "sensitive_attributes": [],
          "private": "eyJlMmJmYjczMC1lY2FhLTExZTYtOGY4OC0zNDM2M2JjN2M0YzAiOnsiY3JlYXRlIjoxODAwMDAwMDAwMDAwLCJkZWxldGUiOjE4MDAwMDAwMDAwMDAsInJlYWQiOjMwMDAwMDAwMDAwMCwidXBkYXRlIjoxODAwMDAwMDAwMDAwfX0=",
          "dependencies": [
            "azurerm_resource_group.project2"
          ]
        }
      ]
    },
    {
      "mode": "managed",
      "type": "random_string",
      "name": "locals",
      "provider": "provider[\"registry.terraform.io/hashicorp/random\"]",
      "instances": [
        {
          "schema_version": 1,
          "attributes": {
            "id": "6460079419762642",
            "keepers": null,
            "length": 16,
            "lower": false,
            "min_lower": 0,
            "min_numeric": 0,
            "min_special": 0,
            "min_upper": 0,
            "number": true,
            "override_special": "-/@",
            "result": "6460079419762642",
            "special": false,
            "upper": false
          },
          "sensitive_attributes": [],
          "private": "eyJzY2hlbWFfdmVyc2lvbiI6IjEifQ=="
        }
      ]
    }
  ]
}
